{
  "meteor": {},
  "dependencies": {
    "basePackages": {
      "iron-router": {},
      "reactive-table": {}
    },
    "packages": {
      "iron-router": {
        "git": "https://github.com/EventedMind/iron-router.git",
        "tag": "v0.6.2",
        "commit": "ce56e58b45624dce992490f3a1c10f10d3948bae"
      },
      "reactive-table": {
        "git": "https://github.com/ecohealthalliance/reactive-table.git",
        "tag": "v0.1.4",
        "commit": "389757b620cfb97060d5781c8efae83a7b1ec071"
      },
      "just-i18n": {
        "git": "https://github.com/subhog/meteor-just-i18n.git",
        "tag": "v0.1.1",
        "commit": "ce88ac66c0dc107dc2da93ce152616115838101f"
      }
    }
  }
}
