{
  "meteor": {},
  "dependencies": {
    "basePackages": {
      "iron-router": {},
      "reactive-table": {}
    },
    "packages": {
      "iron-router": {
        "git": "https://github.com/EventedMind/iron-router.git",
        "tag": "v0.6.2",
        "commit": "ce56e58b45624dce992490f3a1c10f10d3948bae"
      },
      "reactive-table": {
        "git": "https://github.com/ecohealthalliance/reactive-table.git",
        "tag": "v0.1.2",
        "commit": "59129e7c4fbf0610700d7746afe829e53c4f7895"
      }
    }
  }
}
